PODS:
  - Alamofire (4.9.1)
  - HandyJSON (5.0.1)
  - Kingfisher (5.11.0):
    - Kingfisher/Core (= 5.11.0)
  - Kingfisher/Core (5.11.0)
  - SnapKit (5.0.1)

DEPENDENCIES:
  - Alamofire
  - HandyJSON
  - Kingfisher
  - SnapKit

SPEC REPOS:
  https://github.com/CocoaPods/Specs.git:
    - Alamofire
    - HandyJSON
    - Kingfisher
    - SnapKit

SPEC CHECKSUMS:
  Alamofire: 85e8a02c69d6020a0d734f6054870d7ecb75cf18
  HandyJSON: d45b8415c501e3affc59ca9762c1197ff0feb646
  Kingfisher: 4569606189149e19c7d9439f47e885d0679b7a90
  SnapKit: 97b92857e3df3a0c71833cce143274bf6ef8e5eb

PODFILE CHECKSUM: eea9a342843de16c3ea5db3f979d395890a44a32

COCOAPODS: 1.8.4
